// !$*UTF8*$!
{
	archiveVersion = 1;
	classes = {
	};
	objectVersion = 55;
	objects = {

/* Begin PBXBuildFile section */
		85052C6E283FBB640075B259 /* AppDelegate.swift in Sources */ = {isa = PBXBuildFile; fileRef = 85052C6D283FBB640075B259 /* AppDelegate.swift */; };
		85052C70283FBB640075B259 /* SceneDelegate.swift in Sources */ = {isa = PBXBuildFile; fileRef = 85052C6F283FBB640075B259 /* SceneDelegate.swift */; };
		85052C75283FBB640075B259 /* Main.storyboard in Resources */ = {isa = PBXBuildFile; fileRef = 85052C73283FBB640075B259 /* Main.storyboard */; };
		85052C77283FBB650075B259 /* Assets.xcassets in Resources */ = {isa = PBXBuildFile; fileRef = 85052C76283FBB650075B259 /* Assets.xcassets */; };
		85052C7A283FBB650075B259 /* LaunchScreen.storyboard in Resources */ = {isa = PBXBuildFile; fileRef = 85052C78283FBB650075B259 /* LaunchScreen.storyboard */; };
		85052C82283FC44C0075B259 /* MemoViewController.swift in Sources */ = {isa = PBXBuildFile; fileRef = 85052C81283FC44C0075B259 /* MemoViewController.swift */; };
		85052C85283FC4BB0075B259 /* CalculatorViewController.swift in Sources */ = {isa = PBXBuildFile; fileRef = 85052C84283FC4BB0075B259 /* CalculatorViewController.swift */; };
		85052C87283FC50B0075B259 /* VideoViewController.swift in Sources */ = {isa = PBXBuildFile; fileRef = 85052C86283FC50B0075B259 /* VideoViewController.swift */; };
		85052C89283FC51E0075B259 /* SettingViewController.swift in Sources */ = {isa = PBXBuildFile; fileRef = 85052C88283FC51E0075B259 /* SettingViewController.swift */; };
		853DD0872842508600B6825A /* TabBarViewController.swift in Sources */ = {isa = PBXBuildFile; fileRef = 853DD0862842508600B6825A /* TabBarViewController.swift */; };
		854437B828744E5E00E95872 /* FSCalendar in Frameworks */ = {isa = PBXBuildFile; productRef = 854437B728744E5E00E95872 /* FSCalendar */; };
		85693D6A289958C700161F2A /* UIColor+Extension.swift in Sources */ = {isa = PBXBuildFile; fileRef = 85693D69289958C700161F2A /* UIColor+Extension.swift */; };
		85693D6D289962ED00161F2A /* AddExerciseCollectionViewController.swift in Sources */ = {isa = PBXBuildFile; fileRef = 85693D6C289962ED00161F2A /* AddExerciseCollectionViewController.swift */; };
		85A7B29B2848EC4000175744 /* MemoPageViewController.swift in Sources */ = {isa = PBXBuildFile; fileRef = 85A7B29A2848EC4000175744 /* MemoPageViewController.swift */; };
		85AA2322288554BD00DAB425 /* AddingExerciseTableViewController.swift in Sources */ = {isa = PBXBuildFile; fileRef = 85AA2321288554BD00DAB425 /* AddingExerciseTableViewController.swift */; };
		85F60D3328927EAF0057FDF0 /* UISetting.swift in Sources */ = {isa = PBXBuildFile; fileRef = 85F60D3228927EAF0057FDF0 /* UISetting.swift */; };
		85F60D4A2893BB820057FDF0 /* ExerciseCollectionViewCell.swift in Sources */ = {isa = PBXBuildFile; fileRef = 85F60D492893BB820057FDF0 /* ExerciseCollectionViewCell.swift */; };
/* End PBXBuildFile section */

/* Begin PBXFileReference section */
		85052C6A283FBB640075B259 /* OunwanApp.app */ = {isa = PBXFileReference; explicitFileType = wrapper.application; includeInIndex = 0; path = OunwanApp.app; sourceTree = BUILT_PRODUCTS_DIR; };
		85052C6D283FBB640075B259 /* AppDelegate.swift */ = {isa = PBXFileReference; lastKnownFileType = sourcecode.swift; path = AppDelegate.swift; sourceTree = "<group>"; };
		85052C6F283FBB640075B259 /* SceneDelegate.swift */ = {isa = PBXFileReference; lastKnownFileType = sourcecode.swift; path = SceneDelegate.swift; sourceTree = "<group>"; };
		85052C74283FBB640075B259 /* Base */ = {isa = PBXFileReference; lastKnownFileType = file.storyboard; name = Base; path = Base.lproj/Main.storyboard; sourceTree = "<group>"; };
		85052C76283FBB650075B259 /* Assets.xcassets */ = {isa = PBXFileReference; lastKnownFileType = folder.assetcatalog; path = Assets.xcassets; sourceTree = "<group>"; };
		85052C79283FBB650075B259 /* Base */ = {isa = PBXFileReference; lastKnownFileType = file.storyboard; name = Base; path = Base.lproj/LaunchScreen.storyboard; sourceTree = "<group>"; };
		85052C7B283FBB650075B259 /* Info.plist */ = {isa = PBXFileReference; lastKnownFileType = text.plist.xml; path = Info.plist; sourceTree = "<group>"; };
		85052C81283FC44C0075B259 /* MemoViewController.swift */ = {isa = PBXFileReference; lastKnownFileType = sourcecode.swift; path = MemoViewController.swift; sourceTree = "<group>"; };
		85052C84283FC4BB0075B259 /* CalculatorViewController.swift */ = {isa = PBXFileReference; lastKnownFileType = sourcecode.swift; path = CalculatorViewController.swift; sourceTree = "<group>"; };
		85052C86283FC50B0075B259 /* VideoViewController.swift */ = {isa = PBXFileReference; lastKnownFileType = sourcecode.swift; path = VideoViewController.swift; sourceTree = "<group>"; };
		85052C88283FC51E0075B259 /* SettingViewController.swift */ = {isa = PBXFileReference; lastKnownFileType = sourcecode.swift; path = SettingViewController.swift; sourceTree = "<group>"; };
		853DD0862842508600B6825A /* TabBarViewController.swift */ = {isa = PBXFileReference; lastKnownFileType = sourcecode.swift; path = TabBarViewController.swift; sourceTree = "<group>"; };
		85693D69289958C700161F2A /* UIColor+Extension.swift */ = {isa = PBXFileReference; lastKnownFileType = sourcecode.swift; path = "UIColor+Extension.swift"; sourceTree = "<group>"; };
		85693D6C289962ED00161F2A /* AddExerciseCollectionViewController.swift */ = {isa = PBXFileReference; lastKnownFileType = sourcecode.swift; path = AddExerciseCollectionViewController.swift; sourceTree = "<group>"; };
		85A7B29A2848EC4000175744 /* MemoPageViewController.swift */ = {isa = PBXFileReference; lastKnownFileType = sourcecode.swift; path = MemoPageViewController.swift; sourceTree = "<group>"; };
		85AA2321288554BD00DAB425 /* AddingExerciseTableViewController.swift */ = {isa = PBXFileReference; lastKnownFileType = sourcecode.swift; path = AddingExerciseTableViewController.swift; sourceTree = "<group>"; };
		85F60D3228927EAF0057FDF0 /* UISetting.swift */ = {isa = PBXFileReference; lastKnownFileType = sourcecode.swift; path = UISetting.swift; sourceTree = "<group>"; };
		85F60D492893BB820057FDF0 /* ExerciseCollectionViewCell.swift */ = {isa = PBXFileReference; lastKnownFileType = sourcecode.swift; path = ExerciseCollectionViewCell.swift; sourceTree = "<group>"; };
/* End PBXFileReference section */

/* Begin PBXFrameworksBuildPhase section */
		85052C67283FBB640075B259 /* Frameworks */ = {
			isa = PBXFrameworksBuildPhase;
			buildActionMask = 2147483647;
			files = (
				854437B828744E5E00E95872 /* FSCalendar in Frameworks */,
			);
			runOnlyForDeploymentPostprocessing = 0;
		};
/* End PBXFrameworksBuildPhase section */

/* Begin PBXGroup section */
		85052C61283FBB640075B259 = {
			isa = PBXGroup;
			children = (
				85052C6C283FBB640075B259 /* OunwanApp */,
				85052C6B283FBB640075B259 /* Products */,
			);
			sourceTree = "<group>";
		};
		85052C6B283FBB640075B259 /* Products */ = {
			isa = PBXGroup;
			children = (
				85052C6A283FBB640075B259 /* OunwanApp.app */,
			);
			name = Products;
			sourceTree = "<group>";
		};
		85052C6C283FBB640075B259 /* OunwanApp */ = {
			isa = PBXGroup;
			children = (
				85693D6B289958D000161F2A /* Extension */,
				85F60D432893BAA60057FDF0 /* View */,
				85052C83283FC45E0075B259 /* Controller */,
				85052C6D283FBB640075B259 /* AppDelegate.swift */,
				85693D6C289962ED00161F2A /* AddExerciseCollectionViewController.swift */,
				85F60D3228927EAF0057FDF0 /* UISetting.swift */,
				85052C6F283FBB640075B259 /* SceneDelegate.swift */,
				85052C73283FBB640075B259 /* Main.storyboard */,
				85052C76283FBB650075B259 /* Assets.xcassets */,
				85052C78283FBB650075B259 /* LaunchScreen.storyboard */,
				85052C7B283FBB650075B259 /* Info.plist */,
			);
			path = OunwanApp;
			sourceTree = "<group>";
		};
		85052C83283FC45E0075B259 /* Controller */ = {
			isa = PBXGroup;
			children = (
				85052C81283FC44C0075B259 /* MemoViewController.swift */,
				85A7B29A2848EC4000175744 /* MemoPageViewController.swift */,
				85052C84283FC4BB0075B259 /* CalculatorViewController.swift */,
				85052C86283FC50B0075B259 /* VideoViewController.swift */,
				85052C88283FC51E0075B259 /* SettingViewController.swift */,
				853DD0862842508600B6825A /* TabBarViewController.swift */,
				85AA2321288554BD00DAB425 /* AddingExerciseTableViewController.swift */,
			);
			path = Controller;
			sourceTree = "<group>";
		};
		85693D6B289958D000161F2A /* Extension */ = {
			isa = PBXGroup;
			children = (
				85693D69289958C700161F2A /* UIColor+Extension.swift */,
			);
			path = Extension;
			sourceTree = "<group>";
		};
		85F60D432893BAA60057FDF0 /* View */ = {
			isa = PBXGroup;
			children = (
				85F60D442893BAB00057FDF0 /* Memo */,
			);
			path = View;
			sourceTree = "<group>";
		};
		85F60D442893BAB00057FDF0 /* Memo */ = {
			isa = PBXGroup;
			children = (
				85F60D492893BB820057FDF0 /* ExerciseCollectionViewCell.swift */,
			);
			path = Memo;
			sourceTree = "<group>";
		};
/* End PBXGroup section */

/* Begin PBXNativeTarget section */
		85052C69283FBB640075B259 /* OunwanApp */ = {
			isa = PBXNativeTarget;
			buildConfigurationList = 85052C7E283FBB650075B259 /* Build configuration list for PBXNativeTarget "OunwanApp" */;
			buildPhases = (
				85052C66283FBB640075B259 /* Sources */,
				85052C67283FBB640075B259 /* Frameworks */,
				85052C68283FBB640075B259 /* Resources */,
			);
			buildRules = (
			);
			dependencies = (
			);
			name = OunwanApp;
			packageProductDependencies = (
				854437B728744E5E00E95872 /* FSCalendar */,
			);
			productName = OunwanApp;
			productReference = 85052C6A283FBB640075B259 /* OunwanApp.app */;
			productType = "com.apple.product-type.application";
		};
/* End PBXNativeTarget section */

/* Begin PBXProject section */
		85052C62283FBB640075B259 /* Project object */ = {
			isa = PBXProject;
			attributes = {
				BuildIndependentTargetsInParallel = 1;
				LastSwiftUpdateCheck = 1330;
				LastUpgradeCheck = 1330;
				TargetAttributes = {
					85052C69283FBB640075B259 = {
						CreatedOnToolsVersion = 13.3.1;
					};
				};
			};
			buildConfigurationList = 85052C65283FBB640075B259 /* Build configuration list for PBXProject "OunwanApp" */;
			compatibilityVersion = "Xcode 13.0";
			developmentRegion = en;
			hasScannedForEncodings = 0;
			knownRegions = (
				en,
				Base,
			);
			mainGroup = 85052C61283FBB640075B259;
			packageReferences = (
				854437B628744E5E00E95872 /* XCRemoteSwiftPackageReference "FSCalendar" */,
			);
			productRefGroup = 85052C6B283FBB640075B259 /* Products */;
			projectDirPath = "";
			projectRoot = "";
			targets = (
				85052C69283FBB640075B259 /* OunwanApp */,
			);
		};
/* End PBXProject section */

/* Begin PBXResourcesBuildPhase section */
		85052C68283FBB640075B259 /* Resources */ = {
			isa = PBXResourcesBuildPhase;
			buildActionMask = 2147483647;
			files = (
				85052C7A283FBB650075B259 /* LaunchScreen.storyboard in Resources */,
				85052C77283FBB650075B259 /* Assets.xcassets in Resources */,
				85052C75283FBB640075B259 /* Main.storyboard in Resources */,
			);
			runOnlyForDeploymentPostprocessing = 0;
		};
/* End PBXResourcesBuildPhase section */

/* Begin PBXSourcesBuildPhase section */
		85052C66283FBB640075B259 /* Sources */ = {
			isa = PBXSourcesBuildPhase;
			buildActionMask = 2147483647;
			files = (
				85052C82283FC44C0075B259 /* MemoViewController.swift in Sources */,
				85A7B29B2848EC4000175744 /* MemoPageViewController.swift in Sources */,
				85AA2322288554BD00DAB425 /* AddingExerciseTableViewController.swift in Sources */,
				85693D6A289958C700161F2A /* UIColor+Extension.swift in Sources */,
				85693D6D289962ED00161F2A /* AddExerciseCollectionViewController.swift in Sources */,
				85052C6E283FBB640075B259 /* AppDelegate.swift in Sources */,
				85F60D3328927EAF0057FDF0 /* UISetting.swift in Sources */,
				85052C85283FC4BB0075B259 /* CalculatorViewController.swift in Sources */,
				85F60D4A2893BB820057FDF0 /* ExerciseCollectionViewCell.swift in Sources */,
				85052C87283FC50B0075B259 /* VideoViewController.swift in Sources */,
				853DD0872842508600B6825A /* TabBarViewController.swift in Sources */,
				85052C70283FBB640075B259 /* SceneDelegate.swift in Sources */,
				85052C89283FC51E0075B259 /* SettingViewController.swift in Sources */,
			);
			runOnlyForDeploymentPostprocessing = 0;
		};
/* End PBXSourcesBuildPhase section */

/* Begin PBXVariantGroup section */
		85052C73283FBB640075B259 /* Main.storyboard */ = {
			isa = PBXVariantGroup;
			children = (
				85052C74283FBB640075B259 /* Base */,
			);
			name = Main.storyboard;
			sourceTree = "<group>";
		};
		85052C78283FBB650075B259 /* LaunchScreen.storyboard */ = {
			isa = PBXVariantGroup;
			children = (
				85052C79283FBB650075B259 /* Base */,
			);
			name = LaunchScreen.storyboard;
			sourceTree = "<group>";
		};
/* End PBXVariantGroup section */

/* Begin XCBuildConfiguration section */
		85052C7C283FBB650075B259 /* Debug */ = {
			isa = XCBuildConfiguration;
			buildSettings = {
				ALWAYS_SEARCH_USER_PATHS = NO;
				CLANG_ANALYZER_NONNULL = YES;
				CLANG_ANALYZER_NUMBER_OBJECT_CONVERSION = YES_AGGRESSIVE;
				CLANG_CXX_LANGUAGE_STANDARD = "gnu++17";
				CLANG_ENABLE_MODULES = YES;
				CLANG_ENABLE_OBJC_ARC = YES;
				CLANG_ENABLE_OBJC_WEAK = YES;
				CLANG_WARN_BLOCK_CAPTURE_AUTORELEASING = YES;
				CLANG_WARN_BOOL_CONVERSION = YES;
				CLANG_WARN_COMMA = YES;
				CLANG_WARN_CONSTANT_CONVERSION = YES;
				CLANG_WARN_DEPRECATED_OBJC_IMPLEMENTATIONS = YES;
				CLANG_WARN_DIRECT_OBJC_ISA_USAGE = YES_ERROR;
				CLANG_WARN_DOCUMENTATION_COMMENTS = YES;
				CLANG_WARN_EMPTY_BODY = YES;
				CLANG_WARN_ENUM_CONVERSION = YES;
				CLANG_WARN_INFINITE_RECURSION = YES;
				CLANG_WARN_INT_CONVERSION = YES;
				CLANG_WARN_NON_LITERAL_NULL_CONVERSION = YES;
				CLANG_WARN_OBJC_IMPLICIT_RETAIN_SELF = YES;
				CLANG_WARN_OBJC_LITERAL_CONVERSION = YES;
				CLANG_WARN_OBJC_ROOT_CLASS = YES_ERROR;
				CLANG_WARN_QUOTED_INCLUDE_IN_FRAMEWORK_HEADER = YES;
				CLANG_WARN_RANGE_LOOP_ANALYSIS = YES;
				CLANG_WARN_STRICT_PROTOTYPES = YES;
				CLANG_WARN_SUSPICIOUS_MOVE = YES;
				CLANG_WARN_UNGUARDED_AVAILABILITY = YES_AGGRESSIVE;
				CLANG_WARN_UNREACHABLE_CODE = YES;
				CLANG_WARN__DUPLICATE_METHOD_MATCH = YES;
				COPY_PHASE_STRIP = NO;
				DEBUG_INFORMATION_FORMAT = dwarf;
				ENABLE_STRICT_OBJC_MSGSEND = YES;
				ENABLE_TESTABILITY = YES;
				GCC_C_LANGUAGE_STANDARD = gnu11;
				GCC_DYNAMIC_NO_PIC = NO;
				GCC_NO_COMMON_BLOCKS = YES;
				GCC_OPTIMIZATION_LEVEL = 0;
				GCC_PREPROCESSOR_DEFINITIONS = (
					"DEBUG=1",
					"$(inherited)",
				);
				GCC_WARN_64_TO_32_BIT_CONVERSION = YES;
				GCC_WARN_ABOUT_RETURN_TYPE = YES_ERROR;
				GCC_WARN_UNDECLARED_SELECTOR = YES;
				GCC_WARN_UNINITIALIZED_AUTOS = YES_AGGRESSIVE;
				GCC_WARN_UNUSED_FUNCTION = YES;
				GCC_WARN_UNUSED_VARIABLE = YES;
				IPHONEOS_DEPLOYMENT_TARGET = 15.4;
				MTL_ENABLE_DEBUG_INFO = INCLUDE_SOURCE;
				MTL_FAST_MATH = YES;
				ONLY_ACTIVE_ARCH = YES;
				SDKROOT = iphoneos;
				SWIFT_ACTIVE_COMPILATION_CONDITIONS = DEBUG;
				SWIFT_OPTIMIZATION_LEVEL = "-Onone";
			};
			name = Debug;
		};
		85052C7D283FBB650075B259 /* Release */ = {
			isa = XCBuildConfiguration;
			buildSettings = {
				ALWAYS_SEARCH_USER_PATHS = NO;
				CLANG_ANALYZER_NONNULL = YES;
				CLANG_ANALYZER_NUMBER_OBJECT_CONVERSION = YES_AGGRESSIVE;
				CLANG_CXX_LANGUAGE_STANDARD = "gnu++17";
				CLANG_ENABLE_MODULES = YES;
				CLANG_ENABLE_OBJC_ARC = YES;
				CLANG_ENABLE_OBJC_WEAK = YES;
				CLANG_WARN_BLOCK_CAPTURE_AUTORELEASING = YES;
				CLANG_WARN_BOOL_CONVERSION = YES;
				CLANG_WARN_COMMA = YES;
				CLANG_WARN_CONSTANT_CONVERSION = YES;
				CLANG_WARN_DEPRECATED_OBJC_IMPLEMENTATIONS = YES;
				CLANG_WARN_DIRECT_OBJC_ISA_USAGE = YES_ERROR;
				CLANG_WARN_DOCUMENTATION_COMMENTS = YES;
				CLANG_WARN_EMPTY_BODY = YES;
				CLANG_WARN_ENUM_CONVERSION = YES;
				CLANG_WARN_INFINITE_RECURSION = YES;
				CLANG_WARN_INT_CONVERSION = YES;
				CLANG_WARN_NON_LITERAL_NULL_CONVERSION = YES;
				CLANG_WARN_OBJC_IMPLICIT_RETAIN_SELF = YES;
				CLANG_WARN_OBJC_LITERAL_CONVERSION = YES;
				CLANG_WARN_OBJC_ROOT_CLASS = YES_ERROR;
				CLANG_WARN_QUOTED_INCLUDE_IN_FRAMEWORK_HEADER = YES;
				CLANG_WARN_RANGE_LOOP_ANALYSIS = YES;
				CLANG_WARN_STRICT_PROTOTYPES = YES;
				CLANG_WARN_SUSPICIOUS_MOVE = YES;
				CLANG_WARN_UNGUARDED_AVAILABILITY = YES_AGGRESSIVE;
				CLANG_WARN_UNREACHABLE_CODE = YES;
				CLANG_WARN__DUPLICATE_METHOD_MATCH = YES;
				COPY_PHASE_STRIP = NO;
				DEBUG_INFORMATION_FORMAT = "dwarf-with-dsym";
				ENABLE_NS_ASSERTIONS = NO;
				ENABLE_STRICT_OBJC_MSGSEND = YES;
				GCC_C_LANGUAGE_STANDARD = gnu11;
				GCC_NO_COMMON_BLOCKS = YES;
				GCC_WARN_64_TO_32_BIT_CONVERSION = YES;
				GCC_WARN_ABOUT_RETURN_TYPE = YES_ERROR;
				GCC_WARN_UNDECLARED_SELECTOR = YES;
				GCC_WARN_UNINITIALIZED_AUTOS = YES_AGGRESSIVE;
				GCC_WARN_UNUSED_FUNCTION = YES;
				GCC_WARN_UNUSED_VARIABLE = YES;
				IPHONEOS_DEPLOYMENT_TARGET = 15.4;
				MTL_ENABLE_DEBUG_INFO = NO;
				MTL_FAST_MATH = YES;
				SDKROOT = iphoneos;
				SWIFT_COMPILATION_MODE = wholemodule;
				SWIFT_OPTIMIZATION_LEVEL = "-O";
				VALIDATE_PRODUCT = YES;
			};
			name = Release;
		};
		85052C7F283FBB650075B259 /* Debug */ = {
			isa = XCBuildConfiguration;
			buildSettings = {
				ASSETCATALOG_COMPILER_APPICON_NAME = AppIcon;
				ASSETCATALOG_COMPILER_GLOBAL_ACCENT_COLOR_NAME = AccentColor;
				CODE_SIGN_STYLE = Automatic;
				CURRENT_PROJECT_VERSION = 1;
				DEVELOPMENT_TEAM = 3K4KWAG7KD;
				GENERATE_INFOPLIST_FILE = YES;
				INFOPLIST_FILE = OunwanApp/Info.plist;
				INFOPLIST_KEY_UIApplicationSupportsIndirectInputEvents = YES;
				INFOPLIST_KEY_UILaunchStoryboardName = LaunchScreen;
				INFOPLIST_KEY_UIMainStoryboardFile = Main;
				INFOPLIST_KEY_UISupportedInterfaceOrientations = UIInterfaceOrientationPortrait;
				INFOPLIST_KEY_UISupportedInterfaceOrientations_iPad = "UIInterfaceOrientationPortrait UIInterfaceOrientationPortraitUpsideDown UIInterfaceOrientationLandscapeLeft UIInterfaceOrientationLandscapeRight";
				INFOPLIST_KEY_UISupportedInterfaceOrientations_iPhone = "UIInterfaceOrientationPortrait UIInterfaceOrientationLandscapeLeft UIInterfaceOrientationLandscapeRight";
				IPHONEOS_DEPLOYMENT_TARGET = 13.0;
				LD_RUNPATH_SEARCH_PATHS = (
					"$(inherited)",
					"@executable_path/Frameworks",
				);
				MARKETING_VERSION = 1.0;
				PRODUCT_BUNDLE_IDENTIFIER = "com.glasses-str-man.OunwanApp";
				PRODUCT_NAME = "$(TARGET_NAME)";
				SWIFT_EMIT_LOC_STRINGS = YES;
				SWIFT_VERSION = 5.0;
				TARGETED_DEVICE_FAMILY = 1;
			};
			name = Debug;
		};
		85052C80283FBB650075B259 /* Release */ = {
			isa = XCBuildConfiguration;
			buildSettings = {
				ASSETCATALOG_COMPILER_APPICON_NAME = AppIcon;
				ASSETCATALOG_COMPILER_GLOBAL_ACCENT_COLOR_NAME = AccentColor;
				CODE_SIGN_STYLE = Automatic;
				CURRENT_PROJECT_VERSION = 1;
				DEVELOPMENT_TEAM = 3K4KWAG7KD;
				GENERATE_INFOPLIST_FILE = YES;
				INFOPLIST_FILE = OunwanApp/Info.plist;
				INFOPLIST_KEY_UIApplicationSupportsIndirectInputEvents = YES;
				INFOPLIST_KEY_UILaunchStoryboardName = LaunchScreen;
				INFOPLIST_KEY_UIMainStoryboardFile = Main;
				INFOPLIST_KEY_UISupportedInterfaceOrientations = UIInterfaceOrientationPortrait;
				INFOPLIST_KEY_UISupportedInterfaceOrientations_iPad = "UIInterfaceOrientationPortrait UIInterfaceOrientationPortraitUpsideDown UIInterfaceOrientationLandscapeLeft UIInterfaceOrientationLandscapeRight";
				INFOPLIST_KEY_UISupportedInterfaceOrientations_iPhone = "UIInterfaceOrientationPortrait UIInterfaceOrientationLandscapeLeft UIInterfaceOrientationLandscapeRight";
				IPHONEOS_DEPLOYMENT_TARGET = 13.0;
				LD_RUNPATH_SEARCH_PATHS = (
					"$(inherited)",
					"@executable_path/Frameworks",
				);
				MARKETING_VERSION = 1.0;
				PRODUCT_BUNDLE_IDENTIFIER = "com.glasses-str-man.OunwanApp";
				PRODUCT_NAME = "$(TARGET_NAME)";
				SWIFT_EMIT_LOC_STRINGS = YES;
				SWIFT_VERSION = 5.0;
				TARGETED_DEVICE_FAMILY = 1;
			};
			name = Release;
		};
/* End XCBuildConfiguration section */

/* Begin XCConfigurationList section */
		85052C65283FBB640075B259 /* Build configuration list for PBXProject "OunwanApp" */ = {
			isa = XCConfigurationList;
			buildConfigurations = (
				85052C7C283FBB650075B259 /* Debug */,
				85052C7D283FBB650075B259 /* Release */,
			);
			defaultConfigurationIsVisible = 0;
			defaultConfigurationName = Release;
		};
		85052C7E283FBB650075B259 /* Build configuration list for PBXNativeTarget "OunwanApp" */ = {
			isa = XCConfigurationList;
			buildConfigurations = (
				85052C7F283FBB650075B259 /* Debug */,
				85052C80283FBB650075B259 /* Release */,
			);
			defaultConfigurationIsVisible = 0;
			defaultConfigurationName = Release;
		};
/* End XCConfigurationList section */

/* Begin XCRemoteSwiftPackageReference section */
		854437B628744E5E00E95872 /* XCRemoteSwiftPackageReference "FSCalendar" */ = {
			isa = XCRemoteSwiftPackageReference;
			repositoryURL = "https://github.com/WenchaoD/FSCalendar";
			requirement = {
				kind = upToNextMajorVersion;
				minimumVersion = 2.0.0;
			};
		};
/* End XCRemoteSwiftPackageReference section */

/* Begin XCSwiftPackageProductDependency section */
		854437B728744E5E00E95872 /* FSCalendar */ = {
			isa = XCSwiftPackageProductDependency;
			package = 854437B628744E5E00E95872 /* XCRemoteSwiftPackageReference "FSCalendar" */;
			productName = FSCalendar;
		};
/* End XCSwiftPackageProductDependency section */
	};
	rootObject = 85052C62283FBB640075B259 /* Project object */;
}
